{
	"name": "@telebridge/entity",
	"version": "0.0.0-dev",
	"lockfileVersion": 3,
	"requires": true,
	"packages": {
		"": {
			"name": "@telebridge/entity",
			"version": "0.0.0-dev",
			"license": "MIT",
			"dependencies": {
				"deno": "^2.1.8"
			}
		},
		"node_modules/@deno/darwin-arm64": {
			"version": "2.1.8",
			"resolved": "https://registry.npmjs.org/@deno/darwin-arm64/-/darwin-arm64-2.1.8.tgz",
			"integrity": "sha512-4Z1ggliMwL6e3ttaJ+mGyfbyLTVz3wBXfTkp3W0eDryLqtlhWVDjfAB9Oe7VpmmO9cLDF8zRKC/IqeDVJ8BQ9w==",
			"cpu": [
				"arm64"
			],
			"license": "MIT",
			"optional": true,
			"os": [
				"darwin"
			]
		},
		"node_modules/@deno/darwin-x64": {
			"version": "2.1.8",
			"resolved": "https://registry.npmjs.org/@deno/darwin-x64/-/darwin-x64-2.1.8.tgz",
			"integrity": "sha512-NlG95M+c0a/mVnSPIDO2qcQ7ONfbq27MxarxrWicwFQjMroQxDW6Dqk/OVmxBZtwy0Iji4LbZGT0AvWFScIoew==",
			"cpu": [
				"x64"
			],
			"license": "MIT",
			"optional": true,
			"os": [
				"darwin"
			]
		},
		"node_modules/@deno/linux-arm64-glibc": {
			"version": "2.1.8",
			"resolved": "https://registry.npmjs.org/@deno/linux-arm64-glibc/-/linux-arm64-glibc-2.1.8.tgz",
			"integrity": "sha512-6QouZc+tf6HRyi8vaw7iNLUlcj19XvhQ4rl2x3V3/rKeGZfKuIHXDRXldBzNxRnZ69rLNiInJThAWetTmwEt/g==",
			"cpu": [
				"arm64"
			],
			"license": "MIT",
			"optional": true,
			"os": [
				"linux"
			]
		},
		"node_modules/@deno/linux-x64-glibc": {
			"version": "2.1.8",
			"resolved": "https://registry.npmjs.org/@deno/linux-x64-glibc/-/linux-x64-glibc-2.1.8.tgz",
			"integrity": "sha512-cq2+djU9diDOIx5THcwaQtEdU6lJ07BvOILw3GnnR9/MWkaIEYUuhOfO+fwUtM9iAyfGknsFRywLrOitWosVOw==",
			"cpu": [
				"x64"
			],
			"license": "MIT",
			"optional": true,
			"os": [
				"linux"
			]
		},
		"node_modules/@deno/win32-arm64": {
			"version": "2.1.8",
			"resolved": "https://registry.npmjs.org/@deno/win32-arm64/-/win32-arm64-2.1.8.tgz",
			"integrity": "sha512-96ktCCDVPf4+FtPSWz1iNRtbCZepQVx8WFqjy97Izc5maqMOjsmcQhhBeD1mAbc8PzfKFDcLk3mOo4oaV3fHlA==",
			"cpu": [
				"arm64"
			],
			"license": "MIT",
			"optional": true,
			"os": [
				"win32"
			]
		},
		"node_modules/@deno/win32-x64": {
			"version": "2.1.8",
			"resolved": "https://registry.npmjs.org/@deno/win32-x64/-/win32-x64-2.1.8.tgz",
			"integrity": "sha512-/wfyG6pQHZYHenbz6J3sBO/GAtw+YslmrBohAQm60ggK1dcorurZYj1XaR/BNNKTeDo1U1wDJQ9OXmpnfaLJ+w==",
			"cpu": [
				"x64"
			],
			"license": "MIT",
			"optional": true,
			"os": [
				"win32"
			]
		},
		"node_modules/deno": {
			"version": "2.1.8",
			"resolved": "https://registry.npmjs.org/deno/-/deno-2.1.8.tgz",
			"integrity": "sha512-KuoMzfgU6Jsv8PfxWujrwR25LKXK0Upd5iCHGkoakvVZBOeKTN++lwEv/iqFa91cjzJf2j6O2E+LNBpn7MtUVA==",
			"hasInstallScript": true,
			"license": "MIT",
			"bin": {
				"deno": "bin.cjs"
			},
			"optionalDependencies": {
				"@deno/darwin-arm64": "2.1.8",
				"@deno/darwin-x64": "2.1.8",
				"@deno/linux-arm64-glibc": "2.1.8",
				"@deno/linux-x64-glibc": "2.1.8",
				"@deno/win32-arm64": "2.1.8",
				"@deno/win32-x64": "2.1.8"
			}
		}
	}
}
